
Microsoft Visual Studio Solution File, Format Version 12.00
Project("{FAE04EC0-301F-11D3-BF4B-00C04F79EFBC}") = "MessengerC", "MessengerC\MessengerC.csproj", "{5483D85F-FC9C-4FA6-9F6B-C06273C644EF}"
EndProject
Global
	GlobalSection(SolutionConfigurationPlatforms) = preSolution
		Debug|Any CPU = Debug|Any CPU
		Release|Any CPU = Release|Any CPU
	EndGlobalSection
	GlobalSection(ProjectConfigurationPlatforms) = postSolution
		{5483D85F-FC9C-4FA6-9F6B-C06273C644EF}.Debug|Any CPU.ActiveCfg = Debug|Any CPU
		{5483D85F-FC9C-4FA6-9F6B-C06273C644EF}.Debug|Any CPU.Build.0 = Debug|Any CPU
		{5483D85F-FC9C-4FA6-9F6B-C06273C644EF}.Release|Any CPU.ActiveCfg = Release|Any CPU
		{5483D85F-FC9C-4FA6-9F6B-C06273C644EF}.Release|Any CPU.Build.0 = Release|Any CPU
	EndGlobalSection
EndGlobal
